
Microsoft Visual Studio Solution File, Format Version 12.00
# Visual Studio Version 16
VisualStudioVersion = 16.0.29613.14
MinimumVisualStudioVersion = 10.0.40219.1
Project("{FAE04EC0-301F-11D3-BF4B-00C04F79EFBC}") = "MyExpenses.API", "MyExpenses.API\MyExpenses.API.csproj", "{09B281A4-910C-431E-B82D-AC5E24367392}"
EndProject
Global
	GlobalSection(SolutionConfigurationPlatforms) = preSolution
		Debug|Any CPU = Debug|Any CPU
		Release|Any CPU = Release|Any CPU
	EndGlobalSection
	GlobalSection(ProjectConfigurationPlatforms) = postSolution
		{09B281A4-910C-431E-B82D-AC5E24367392}.Debug|Any CPU.ActiveCfg = Debug|Any CPU
		{09B281A4-910C-431E-B82D-AC5E24367392}.Debug|Any CPU.Build.0 = Debug|Any CPU
		{09B281A4-910C-431E-B82D-AC5E24367392}.Release|Any CPU.ActiveCfg = Release|Any CPU
		{09B281A4-910C-431E-B82D-AC5E24367392}.Release|Any CPU.Build.0 = Release|Any CPU
	EndGlobalSection
	GlobalSection(SolutionProperties) = preSolution
		HideSolutionNode = FALSE
	EndGlobalSection
	GlobalSection(ExtensibilityGlobals) = postSolution
		SolutionGuid = {0799C48E-9091-4376-A3D4-4AB5DDE79DD4}
	EndGlobalSection
EndGlobal
